{
  "name": "SunOptimizer",
  "lockfileVersion": 3,
  "requires": true,
  "packages": {
    "": {
      "dependencies": {
        "dotenv": "^16.4.5",
        "openmeteo": "^1.1.4"
      }
    },
    "node_modules/@openmeteo/sdk": {
      "version": "1.18.0",
      "resolved": "https://registry.npmjs.org/@openmeteo/sdk/-/sdk-1.18.0.tgz",
      "integrity": "sha512-rcx3dY4kC3KHndHi4gETJi3QpETf/GriaktoG47YVEMbZ0lXm8G9Ki8qWasXWogSP15F6REET4Z+E/aPw86Crw==",
      "dependencies": {
        "flatbuffers": "^24.3.25"
      },
      "engines": {
        "node": ">=12.0"
      }
    },
    "node_modules/dotenv": {
      "version": "16.4.5",
      "resolved": "https://registry.npmjs.org/dotenv/-/dotenv-16.4.5.tgz",
      "integrity": "sha512-ZmdL2rui+eB2YwhsWzjInR8LldtZHGDoQ1ugH85ppHKwpUHL7j7rN0Ti9NCnGiQbhaZ11FpR+7ao1dNsmduNUg==",
      "engines": {
        "node": ">=12"
      },
      "funding": {
        "url": "https://dotenvx.com"
      }
    },
    "node_modules/flatbuffers": {
      "version": "24.3.25",
      "resolved": "https://registry.npmjs.org/flatbuffers/-/flatbuffers-24.3.25.tgz",
      "integrity": "sha512-3HDgPbgiwWMI9zVB7VYBHaMrbOO7Gm0v+yD2FV/sCKj+9NDeVL7BOBYUuhWAQGKWOzBo8S9WdMvV0eixO233XQ=="
    },
    "node_modules/openmeteo": {
      "version": "1.1.4",
      "resolved": "https://registry.npmjs.org/openmeteo/-/openmeteo-1.1.4.tgz",
      "integrity": "sha512-TalTDl0M7JJoeRTf+rWiFZ9SLvoxm7KkFLOQqcSjCiYs+bVMhax1qtryJqeZ1RF4W4Xfsgcl9x+VC1z39ULCxA==",
      "dependencies": {
        "@openmeteo/sdk": "^1.11.4",
        "flatbuffers": "^24.3.25"
      },
      "engines": {
        "node": ">=12.0"
      }
    }
  }
}
